
Microsoft Visual Studio Solution File, Format Version 12.00
# Visual Studio Version 17
VisualStudioVersion = 17.14.36429.23
MinimumVisualStudioVersion = 10.0.40219.1
Project("{FAE04EC0-301F-11D3-BF4B-00C04F79EFBC}") = "PZ1", "PZ1\PZ1.csproj", "{76ED312F-7F77-43E6-9589-6B7A61E85C94}"
EndProject
Project("{FAE04EC0-301F-11D3-BF4B-00C04F79EFBC}") = "PZ2", "PZ2\PZ2.csproj", "{B8596B5F-DEE3-4823-A41F-C009CF498E60}"
EndProject
Project("{FAE04EC0-301F-11D3-BF4B-00C04F79EFBC}") = "PZ3", "PZ3\PZ3.csproj", "{E2ADEA0D-F596-45E1-A2BD-AB2C8CADDE3B}"
EndProject
Global
	GlobalSection(SolutionConfigurationPlatforms) = preSolution
		Debug|Any CPU = Debug|Any CPU
		Release|Any CPU = Release|Any CPU
	EndGlobalSection
	GlobalSection(ProjectConfigurationPlatforms) = postSolution
		{76ED312F-7F77-43E6-9589-6B7A61E85C94}.Debug|Any CPU.ActiveCfg = Debug|Any CPU
		{76ED312F-7F77-43E6-9589-6B7A61E85C94}.Debug|Any CPU.Build.0 = Debug|Any CPU
		{76ED312F-7F77-43E6-9589-6B7A61E85C94}.Release|Any CPU.ActiveCfg = Release|Any CPU
		{76ED312F-7F77-43E6-9589-6B7A61E85C94}.Release|Any CPU.Build.0 = Release|Any CPU
		{B8596B5F-DEE3-4823-A41F-C009CF498E60}.Debug|Any CPU.ActiveCfg = Debug|Any CPU
		{B8596B5F-DEE3-4823-A41F-C009CF498E60}.Debug|Any CPU.Build.0 = Debug|Any CPU
		{B8596B5F-DEE3-4823-A41F-C009CF498E60}.Release|Any CPU.ActiveCfg = Release|Any CPU
		{B8596B5F-DEE3-4823-A41F-C009CF498E60}.Release|Any CPU.Build.0 = Release|Any CPU
		{E2ADEA0D-F596-45E1-A2BD-AB2C8CADDE3B}.Debug|Any CPU.ActiveCfg = Debug|Any CPU
		{E2ADEA0D-F596-45E1-A2BD-AB2C8CADDE3B}.Debug|Any CPU.Build.0 = Debug|Any CPU
		{E2ADEA0D-F596-45E1-A2BD-AB2C8CADDE3B}.Release|Any CPU.ActiveCfg = Release|Any CPU
		{E2ADEA0D-F596-45E1-A2BD-AB2C8CADDE3B}.Release|Any CPU.Build.0 = Release|Any CPU
	EndGlobalSection
	GlobalSection(SolutionProperties) = preSolution
		HideSolutionNode = FALSE
	EndGlobalSection
	GlobalSection(ExtensibilityGlobals) = postSolution
		SolutionGuid = {CB712DEA-7421-454D-BD22-6BCC8B631D2B}
	EndGlobalSection
EndGlobal
