
Microsoft Visual Studio Solution File, Format Version 12.00
# Visual Studio Version 17
VisualStudioVersion = 17.14.36429.23
MinimumVisualStudioVersion = 10.0.40219.1
Project("{FAE04EC0-301F-11D3-BF4B-00C04F79EFBC}") = "ClassesAndObjects", "ClassesAndObjects\ClassesAndObjects.csproj", "{DA4BDE41-46AB-4218-8606-BDC128AFD8D3}"
EndProject
Project("{FAE04EC0-301F-11D3-BF4B-00C04F79EFBC}") = "Lk2", "Lk2\Lk2.csproj", "{8165E0B2-26F4-4627-9AD9-E2F1A9C95975}"
EndProject
Global
	GlobalSection(SolutionConfigurationPlatforms) = preSolution
		Debug|Any CPU = Debug|Any CPU
		Release|Any CPU = Release|Any CPU
	EndGlobalSection
	GlobalSection(ProjectConfigurationPlatforms) = postSolution
		{DA4BDE41-46AB-4218-8606-BDC128AFD8D3}.Debug|Any CPU.ActiveCfg = Debug|Any CPU
		{DA4BDE41-46AB-4218-8606-BDC128AFD8D3}.Debug|Any CPU.Build.0 = Debug|Any CPU
		{DA4BDE41-46AB-4218-8606-BDC128AFD8D3}.Release|Any CPU.ActiveCfg = Release|Any CPU
		{DA4BDE41-46AB-4218-8606-BDC128AFD8D3}.Release|Any CPU.Build.0 = Release|Any CPU
		{8165E0B2-26F4-4627-9AD9-E2F1A9C95975}.Debug|Any CPU.ActiveCfg = Debug|Any CPU
		{8165E0B2-26F4-4627-9AD9-E2F1A9C95975}.Debug|Any CPU.Build.0 = Debug|Any CPU
		{8165E0B2-26F4-4627-9AD9-E2F1A9C95975}.Release|Any CPU.ActiveCfg = Release|Any CPU
		{8165E0B2-26F4-4627-9AD9-E2F1A9C95975}.Release|Any CPU.Build.0 = Release|Any CPU
	EndGlobalSection
	GlobalSection(SolutionProperties) = preSolution
		HideSolutionNode = FALSE
	EndGlobalSection
	GlobalSection(ExtensibilityGlobals) = postSolution
		SolutionGuid = {EEC2AEEF-CC3F-4013-917A-34F406D6671F}
	EndGlobalSection
EndGlobal
